
Microsoft Visual Studio Solution File, Format Version 12.00
# Visual Studio 2013
VisualStudioVersion = 12.0.30723.0
MinimumVisualStudioVersion = 10.0.40219.1
Project("{8BC9CEB8-8B4A-11D0-8D11-00A0C91BC942}") = "Cellular Pattern Evolution", "Cellular Pattern Evolution\Cellular Pattern Evolution_v2015.vcxproj", "{1393C5EC-715B-4F2D-841D-8B3E11C347AC}"
EndProject
Project("{FAE04EC0-301F-11D3-BF4B-00C04F79EFBC}") = "Target Pattern Creator", "TargetPatternCreator\Target Pattern Creator.csproj", "{8FE6035B-E5B1-4616-8774-201BB7C35138}"
EndProject
Project("{FAE04EC0-301F-11D3-BF4B-00C04F79EFBC}") = "ImageUtil", "ImageUtil\ImageUtil.csproj", "{97127648-D19F-4FDB-B8D2-6C119971E074}"
EndProject
Global
	GlobalSection(SolutionConfigurationPlatforms) = preSolution
		Debug|Any CPU = Debug|Any CPU
		Debug|Mixed Platforms = Debug|Mixed Platforms
		Debug|Win32 = Debug|Win32
		Debug|x64 = Debug|x64
		Release|Any CPU = Release|Any CPU
		Release|Mixed Platforms = Release|Mixed Platforms
		Release|Win32 = Release|Win32
		Release|x64 = Release|x64
	EndGlobalSection
	GlobalSection(ProjectConfigurationPlatforms) = postSolution
		{1393C5EC-715B-4F2D-841D-8B3E11C347AC}.Debug|Any CPU.ActiveCfg = Debug|Win32
		{1393C5EC-715B-4F2D-841D-8B3E11C347AC}.Debug|Mixed Platforms.ActiveCfg = Debug|Win32
		{1393C5EC-715B-4F2D-841D-8B3E11C347AC}.Debug|Mixed Platforms.Build.0 = Debug|Win32
		{1393C5EC-715B-4F2D-841D-8B3E11C347AC}.Debug|Win32.ActiveCfg = Debug|Win32
		{1393C5EC-715B-4F2D-841D-8B3E11C347AC}.Debug|Win32.Build.0 = Debug|Win32
		{1393C5EC-715B-4F2D-841D-8B3E11C347AC}.Debug|x64.ActiveCfg = Debug|x64
		{1393C5EC-715B-4F2D-841D-8B3E11C347AC}.Debug|x64.Build.0 = Debug|x64
		{1393C5EC-715B-4F2D-841D-8B3E11C347AC}.Release|Any CPU.ActiveCfg = Release|Win32
		{1393C5EC-715B-4F2D-841D-8B3E11C347AC}.Release|Mixed Platforms.ActiveCfg = Release|Win32
		{1393C5EC-715B-4F2D-841D-8B3E11C347AC}.Release|Mixed Platforms.Build.0 = Release|Win32
		{1393C5EC-715B-4F2D-841D-8B3E11C347AC}.Release|Win32.ActiveCfg = Release|Win32
		{1393C5EC-715B-4F2D-841D-8B3E11C347AC}.Release|Win32.Build.0 = Release|Win32
		{1393C5EC-715B-4F2D-841D-8B3E11C347AC}.Release|x64.ActiveCfg = Release|x64
		{1393C5EC-715B-4F2D-841D-8B3E11C347AC}.Release|x64.Build.0 = Release|x64
		{8FE6035B-E5B1-4616-8774-201BB7C35138}.Debug|Any CPU.ActiveCfg = Debug|Any CPU
		{8FE6035B-E5B1-4616-8774-201BB7C35138}.Debug|Any CPU.Build.0 = Debug|Any CPU
		{8FE6035B-E5B1-4616-8774-201BB7C35138}.Debug|Mixed Platforms.ActiveCfg = Debug|Any CPU
		{8FE6035B-E5B1-4616-8774-201BB7C35138}.Debug|Mixed Platforms.Build.0 = Debug|Any CPU
		{8FE6035B-E5B1-4616-8774-201BB7C35138}.Debug|Win32.ActiveCfg = Debug|Any CPU
		{8FE6035B-E5B1-4616-8774-201BB7C35138}.Debug|x64.ActiveCfg = Debug|Any CPU
		{8FE6035B-E5B1-4616-8774-201BB7C35138}.Release|Any CPU.ActiveCfg = Release|Any CPU
		{8FE6035B-E5B1-4616-8774-201BB7C35138}.Release|Any CPU.Build.0 = Release|Any CPU
		{8FE6035B-E5B1-4616-8774-201BB7C35138}.Release|Mixed Platforms.ActiveCfg = Release|Any CPU
		{8FE6035B-E5B1-4616-8774-201BB7C35138}.Release|Mixed Platforms.Build.0 = Release|Any CPU
		{8FE6035B-E5B1-4616-8774-201BB7C35138}.Release|Win32.ActiveCfg = Release|Any CPU
		{8FE6035B-E5B1-4616-8774-201BB7C35138}.Release|x64.ActiveCfg = Release|Any CPU
		{97127648-D19F-4FDB-B8D2-6C119971E074}.Debug|Any CPU.ActiveCfg = Debug|Any CPU
		{97127648-D19F-4FDB-B8D2-6C119971E074}.Debug|Any CPU.Build.0 = Debug|Any CPU
		{97127648-D19F-4FDB-B8D2-6C119971E074}.Debug|Mixed Platforms.ActiveCfg = Debug|Any CPU
		{97127648-D19F-4FDB-B8D2-6C119971E074}.Debug|Mixed Platforms.Build.0 = Debug|Any CPU
		{97127648-D19F-4FDB-B8D2-6C119971E074}.Debug|Win32.ActiveCfg = Debug|Any CPU
		{97127648-D19F-4FDB-B8D2-6C119971E074}.Debug|x64.ActiveCfg = Debug|Any CPU
		{97127648-D19F-4FDB-B8D2-6C119971E074}.Release|Any CPU.ActiveCfg = Release|Any CPU
		{97127648-D19F-4FDB-B8D2-6C119971E074}.Release|Any CPU.Build.0 = Release|Any CPU
		{97127648-D19F-4FDB-B8D2-6C119971E074}.Release|Mixed Platforms.ActiveCfg = Release|Any CPU
		{97127648-D19F-4FDB-B8D2-6C119971E074}.Release|Mixed Platforms.Build.0 = Release|Any CPU
		{97127648-D19F-4FDB-B8D2-6C119971E074}.Release|Win32.ActiveCfg = Release|Any CPU
		{97127648-D19F-4FDB-B8D2-6C119971E074}.Release|x64.ActiveCfg = Release|Any CPU
	EndGlobalSection
	GlobalSection(SolutionProperties) = preSolution
		HideSolutionNode = FALSE
	EndGlobalSection
EndGlobal
