<?xml version="1.0" encoding="utf-8"?>
<Project ToolsVersion="4.0" xmlns="http://schemas.microsoft.com/developer/msbuild/2003">
  <ItemGroup>
    <Filter Include="Source Files">
      <UniqueIdentifier>{4FC737F1-C7A5-4376-A066-2A32D752A2FF}</UniqueIdentifier>
      <Extensions>cpp;c;cc;cxx;def;odl;idl;hpj;bat;asm;asmx</Extensions>
    </Filter>
    <Filter Include="Header Files">
      <UniqueIdentifier>{93995380-89BD-4b04-88EB-625FBE52EBFB}</UniqueIdentifier>
      <Extensions>h;hh;hpp;hxx;hm;inl;inc;xsd</Extensions>
    </Filter>
    <Filter Include="Resource Files">
      <UniqueIdentifier>{67DA6AB6-F800-4c08-8B7A-83BB121AAD01}</UniqueIdentifier>
      <Extensions>rc;ico;cur;bmp;dlg;rc2;rct;bin;rgs;gif;jpg;jpeg;jpe;resx;tiff;tif;png;wav;mfcribbon-ms</Extensions>
    </Filter>
    <Filter Include="Source Files\Lattice">
      <UniqueIdentifier>{ada13a51-4684-47b0-a592-e1c47f2dfe62}</UniqueIdentifier>
    </Filter>
    <Filter Include="Header Files\Lattice">
      <UniqueIdentifier>{357d1546-d12e-405b-b063-15edc53e57e2}</UniqueIdentifier>
    </Filter>
    <Filter Include="Header Files\Lattice\Halting">
      <UniqueIdentifier>{0056afe7-d39d-40f7-bd22-b833d90f6b3d}</UniqueIdentifier>
    </Filter>
    <Filter Include="Header Files\Lattice\Phenotypes">
      <UniqueIdentifier>{2b6eb240-464a-468c-adb2-8d4069c30f1f}</UniqueIdentifier>
    </Filter>
    <Filter Include="Header Files\Lattice\Phenotypes\Cell">
      <UniqueIdentifier>{ab7c4c19-48b3-484c-aea1-d5e3ca108e57}</UniqueIdentifier>
    </Filter>
    <Filter Include="Header Files\Lattice\Genotype">
      <UniqueIdentifier>{6abb6ef2-109f-46f2-b8d2-61fd49b3a0dd}</UniqueIdentifier>
    </Filter>
    <Filter Include="Header Files\Lattice\Controllers">
      <UniqueIdentifier>{58eed362-4340-43b1-8bbe-0139ceacb2d7}</UniqueIdentifier>
    </Filter>
    <Filter Include="Source Files\Lattice\Phenotype">
      <UniqueIdentifier>{9488d041-2372-4959-a5e4-79ab7cc600f6}</UniqueIdentifier>
    </Filter>
    <Filter Include="Source Files\Lattice\Phenotype\Cell">
      <UniqueIdentifier>{fe359dd2-6e68-4dfa-9a11-337a4ac4876e}</UniqueIdentifier>
    </Filter>
    <Filter Include="Source Files\Lattice\Genotype">
      <UniqueIdentifier>{6d31afa7-e667-4f3a-952a-eb05cde06557}</UniqueIdentifier>
    </Filter>
    <Filter Include="Source Files\Lattice\Controllers">
      <UniqueIdentifier>{dea1f6ba-691f-421b-a125-8ee0859eb36f}</UniqueIdentifier>
    </Filter>
    <Filter Include="Header Files\ObjectiveFunctions">
      <UniqueIdentifier>{8abd3ca0-5d76-47f6-9a41-772bb3c9c9af}</UniqueIdentifier>
    </Filter>
    <Filter Include="Source Files\ObjectiveFunctions">
      <UniqueIdentifier>{f4c0103a-1b2e-4cee-8ce0-25cb08942711}</UniqueIdentifier>
    </Filter>
    <Filter Include="Header Files\Optimizer">
      <UniqueIdentifier>{734ac51f-082b-49c3-bbe1-eb3cb39227fe}</UniqueIdentifier>
    </Filter>
    <Filter Include="Source Files\Optimizer">
      <UniqueIdentifier>{bf4a45bb-f4b0-488d-86f8-c9566c8caf1c}</UniqueIdentifier>
    </Filter>
  </ItemGroup>
  <ItemGroup>
    <ClCompile Include="Lattice\LatticeSettings.cpp">
      <Filter>Source Files\Lattice</Filter>
    </ClCompile>
    <ClCompile Include="Lattice\Phenotype\Cell\CellType.cpp">
      <Filter>Source Files\Lattice\Phenotype\Cell</Filter>
    </ClCompile>
    <ClCompile Include="Lattice\Lattice.cpp">
      <Filter>Source Files\Lattice</Filter>
    </ClCompile>
    <ClCompile Include="Lattice\Phenotype\Phenotype.cpp">
      <Filter>Source Files\Lattice\Phenotype</Filter>
    </ClCompile>
    <ClCompile Include="Lattice\Phenotype\RegularStructurePhenotype.cpp">
      <Filter>Source Files\Lattice\Phenotype</Filter>
    </ClCompile>
    <ClCompile Include="Lattice\Phenotype\Cell\Cell.cpp">
      <Filter>Source Files\Lattice\Phenotype\Cell</Filter>
    </ClCompile>
    <ClCompile Include="Lattice\Genotype\Genotype.cpp">
      <Filter>Source Files\Lattice\Genotype</Filter>
    </ClCompile>
    <ClCompile Include="Lattice\Controllers\FeedForwardANNController.cpp">
      <Filter>Source Files\Lattice\Controllers</Filter>
    </ClCompile>
    <ClCompile Include="Lattice\Controllers\StateController.cpp">
      <Filter>Source Files\Lattice\Controllers</Filter>
    </ClCompile>
    <ClCompile Include="Main\CommonTypes.cpp">
      <Filter>Source Files</Filter>
    </ClCompile>
    <ClCompile Include="Lattice\State.cpp">
      <Filter>Source Files\Lattice</Filter>
    </ClCompile>
    <ClCompile Include="ObjectiveFunctions\CAMultiObjectiveFunction.cpp">
      <Filter>Source Files\ObjectiveFunctions</Filter>
    </ClCompile>
    <ClCompile Include="ObjectiveFunctions\ObjectiveFunction.cpp">
      <Filter>Source Files\ObjectiveFunctions</Filter>
    </ClCompile>
    <ClCompile Include="Main\Main.cpp">
      <Filter>Source Files</Filter>
    </ClCompile>
    <ClCompile Include="Optimizer\MultiObjCMAES.cpp">
      <Filter>Source Files\Optimizer</Filter>
    </ClCompile>
    <ClCompile Include="ObjectiveFunctions\ObjectiveSettings.cpp">
      <Filter>Source Files\ObjectiveFunctions</Filter>
    </ClCompile>
    <ClCompile Include="Optimizer\OptimizerSettings.cpp">
      <Filter>Source Files\Optimizer</Filter>
    </ClCompile>
    <ClCompile Include="Optimizer\Optimizer.cpp">
      <Filter>Source Files\Optimizer</Filter>
    </ClCompile>
    <ClCompile Include="Lattice\TargetPattern.cpp">
      <Filter>Source Files</Filter>
    </ClCompile>
    <ClCompile Include="Lattice\Halting\EvalNumberCriterion.cpp">
      <Filter>Source Files</Filter>
    </ClCompile>
    <ClCompile Include="Lattice\Halting\StopCriterion.cpp">
      <Filter>Source Files</Filter>
    </ClCompile>
    <ClCompile Include="Main\Logger.cpp">
      <Filter>Source Files</Filter>
    </ClCompile>
    <ClCompile Include="Task\Task.cpp">
      <Filter>Source Files</Filter>
    </ClCompile>
    <ClCompile Include="Task\ExperimentCollection.cpp">
      <Filter>Source Files</Filter>
    </ClCompile>
    <ClCompile Include="Lattice\Halting\EnergyCriterion.cpp">
      <Filter>Source Files</Filter>
    </ClCompile>
    <ClCompile Include="Lattice\TargetPatternSvg.cpp">
      <Filter>Source Files</Filter>
    </ClCompile>
  </ItemGroup>
  <ItemGroup>
    <ClInclude Include="Lattice\Headers\Lattice.h">
      <Filter>Header Files\Lattice</Filter>
    </ClInclude>
    <ClInclude Include="Lattice\Headers\LatticeSettings.h">
      <Filter>Header Files\Lattice</Filter>
    </ClInclude>
    <ClInclude Include="Lattice\Headers\State.h">
      <Filter>Header Files\Lattice</Filter>
    </ClInclude>
    <ClInclude Include="Lattice\Headers\Halting\StopCriterion.h">
      <Filter>Header Files\Lattice\Halting</Filter>
    </ClInclude>
    <ClInclude Include="Lattice\Headers\Phenotypes\Cell\Cell.h">
      <Filter>Header Files\Lattice\Phenotypes\Cell</Filter>
    </ClInclude>
    <ClInclude Include="Lattice\Headers\Phenotypes\Cell\CellType.h">
      <Filter>Header Files\Lattice\Phenotypes\Cell</Filter>
    </ClInclude>
    <ClInclude Include="Lattice\Headers\Controllers\StateController.h">
      <Filter>Header Files\Lattice\Controllers</Filter>
    </ClInclude>
    <ClInclude Include="Main\Headers\CommonTypes.h">
      <Filter>Header Files</Filter>
    </ClInclude>
    <ClInclude Include="Lattice\Headers\Genotype\Genotype.h">
      <Filter>Header Files\Lattice\Genotype</Filter>
    </ClInclude>
    <ClInclude Include="Lattice\Headers\Phenotypes\RegularStructurePhenotype.h">
      <Filter>Header Files\Lattice\Phenotypes</Filter>
    </ClInclude>
    <ClInclude Include="Lattice\Headers\Controllers\FeedForwardANNController.h">
      <Filter>Header Files\Lattice\Controllers</Filter>
    </ClInclude>
    <ClInclude Include="Lattice\Headers\Phenotypes\Cell\RegularCell.h">
      <Filter>Header Files\Lattice\Phenotypes\Cell</Filter>
    </ClInclude>
    <ClInclude Include="Lattice\Headers\Phenotypes\Phenotype.h">
      <Filter>Header Files\Lattice\Phenotypes</Filter>
    </ClInclude>
    <ClInclude Include="ObjectiveFunctions\Headers\CAMultiObjectiveFunction.h">
      <Filter>Header Files\ObjectiveFunctions</Filter>
    </ClInclude>
    <ClInclude Include="ObjectiveFunctions\Headers\ObjectiveFunction.h">
      <Filter>Header Files\ObjectiveFunctions</Filter>
    </ClInclude>
    <ClInclude Include="Optimizer\Headers\Optimizer.h">
      <Filter>Header Files\Optimizer</Filter>
    </ClInclude>
    <ClInclude Include="Optimizer\Headers\OptimizerSettings.h">
      <Filter>Header Files\Optimizer</Filter>
    </ClInclude>
    <ClInclude Include="Optimizer\Headers\MultiObjCMAES.h">
      <Filter>Header Files\Optimizer</Filter>
    </ClInclude>
    <ClInclude Include="ObjectiveFunctions\Headers\ObjectiveSettings.h">
      <Filter>Header Files\ObjectiveFunctions</Filter>
    </ClInclude>
    <ClInclude Include="ObjectiveFunctions\Headers\ObjectiveFunctionCellCount.h">
      <Filter>Header Files\ObjectiveFunctions</Filter>
    </ClInclude>
    <ClInclude Include="ObjectiveFunctions\Headers\ObjectiveFunctionColorDistance.h">
      <Filter>Header Files\ObjectiveFunctions</Filter>
    </ClInclude>
    <ClInclude Include="Lattice\Headers\TargetPattern.h">
      <Filter>Header Files</Filter>
    </ClInclude>
    <ClInclude Include="Lattice\Headers\LatticeStatistics.h">
      <Filter>Header Files</Filter>
    </ClInclude>
    <ClInclude Include="Lattice\Headers\Halting\EvalNumberCriterion.h">
      <Filter>Header Files</Filter>
    </ClInclude>
    <ClInclude Include="Main\Headers\Logger.h">
      <Filter>Header Files</Filter>
    </ClInclude>
    <ClInclude Include="Task\Headers\Task.h">
      <Filter>Header Files</Filter>
    </ClInclude>
    <ClInclude Include="Task\Headers\ExperimentCollection.h">
      <Filter>Header Files</Filter>
    </ClInclude>
    <ClInclude Include="Task\Headers\Experiment.h">
      <Filter>Header Files</Filter>
    </ClInclude>
    <ClInclude Include="Lattice\Headers\Halting\EnergyCriterion.h">
      <Filter>Header Files</Filter>
    </ClInclude>
    <ClInclude Include="Lattice\Headers\TargetPatternSvg.h">
      <Filter>Header Files</Filter>
    </ClInclude>
  </ItemGroup>
  <ItemGroup>
    <Xml Include="Config\confController.xml">
      <Filter>Resource Files</Filter>
    </Xml>
    <Xml Include="Config\confLattice.xml">
      <Filter>Resource Files</Filter>
    </Xml>
    <Xml Include="Config\confObjective.xml">
      <Filter>Resource Files</Filter>
    </Xml>
    <Xml Include="Config\confOptimizer.xml">
      <Filter>Resource Files</Filter>
    </Xml>
    <Xml Include="Config\confStopCriterion.xml">
      <Filter>Resource Files</Filter>
    </Xml>
    <Xml Include="Config\confExperiment.xml" />
  </ItemGroup>
  <ItemGroup>
    <None Include="Target\twoband90_10.target">
      <Filter>Resource Files</Filter>
    </None>
  </ItemGroup>
</Project>